
Microsoft Visual Studio Solution File, Format Version 12.00
# Visual Studio Version 17
VisualStudioVersion = 17.8.34330.188
MinimumVisualStudioVersion = 10.0.40219.1
Project("{2150E333-8FDC-42A3-9474-1A3956D46DE8}") = "Services", "Services", "{AF64146E-C173-4A9B-9CD4-4855EAA01924}"
EndProject
Project("{2150E333-8FDC-42A3-9474-1A3956D46DE8}") = "eCommerce.Prod", "eCommerce.Prod", "{D21501D3-EE24-4137-A337-BE368E0A7491}"
EndProject
Project("{2150E333-8FDC-42A3-9474-1A3956D46DE8}") = "eCommerce.Inventory", "eCommerce.Inventory", "{E66B9910-7228-4C00-A3EF-741A98F8D139}"
EndProject
Project("{2150E333-8FDC-42A3-9474-1A3956D46DE8}") = "eCommerce.Pricing", "eCommerce.Pricing", "{FF46B08A-BD28-4EC3-B98E-2D70F295006A}"
EndProject
Project("{2150E333-8FDC-42A3-9474-1A3956D46DE8}") = "eCommerce.Cart", "eCommerce.Cart", "{5EB79878-62EE-4E0A-9D6E-99A9E37F2300}"
EndProject
Project("{2150E333-8FDC-42A3-9474-1A3956D46DE8}") = "eCommerce.Checkout", "eCommerce.Checkout", "{7A215214-B62A-42F3-A44B-B41AC9600C8E}"
EndProject
Project("{2150E333-8FDC-42A3-9474-1A3956D46DE8}") = "eCommerce.User", "eCommerce.User", "{C3E0F91C-DD63-48E7-BB3A-8CDB12F10297}"
EndProject
Project("{FAE04EC0-301F-11D3-BF4B-00C04F79EFBC}") = "eCommerce.Cart.API", "eCommerce.Cart.API\eCommerce.Cart.API.csproj", "{D65C8C6C-EE7A-4EAE-B8DD-D32651D1D31A}"
EndProject
Project("{FAE04EC0-301F-11D3-BF4B-00C04F79EFBC}") = "eCommerce.CheckOut.API", "eCommerce.CheckOut.API\eCommerce.CheckOut.API.csproj", "{7B14C125-D612-494D-9C99-D9C844C6F7E6}"
EndProject
Project("{FAE04EC0-301F-11D3-BF4B-00C04F79EFBC}") = "eCommerce.Inventory.API", "eCommerce.Inventory.API\eCommerce.Inventory.API.csproj", "{188EA0AD-433A-45D3-AE6D-D74F331CC825}"
EndProject
Project("{FAE04EC0-301F-11D3-BF4B-00C04F79EFBC}") = "eCommerce.Pricing.API", "eCommerce.Pricing.API\eCommerce.Pricing.API.csproj", "{292FC063-B5ED-4788-873F-0A3F14354BD3}"
EndProject
Project("{FAE04EC0-301F-11D3-BF4B-00C04F79EFBC}") = "eCommerce.Prod.API", "eCommerce.Prod.API\eCommerce.Prod.API.csproj", "{EE48C291-1710-431F-99BF-C69DEA87FCC4}"
EndProject
Project("{FAE04EC0-301F-11D3-BF4B-00C04F79EFBC}") = "eCommerce.User.API", "eCommerce.User.API\eCommerce.User.API.csproj", "{8C1FEE4F-144C-4C12-9FF1-41A88F9FC196}"
EndProject
Project("{2150E333-8FDC-42A3-9474-1A3956D46DE8}") = "Common", "Common", "{FC4E56D9-C870-41D9-8A32-8DD12AA64941}"
EndProject
Project("{2150E333-8FDC-42A3-9474-1A3956D46DE8}") = "Logging", "Logging", "{AC78DC26-64FD-4C7B-96DA-78A6DD0EE9C7}"
EndProject
Project("{2150E333-8FDC-42A3-9474-1A3956D46DE8}") = "ExceptionHandling", "ExceptionHandling", "{B7A7FBAA-70AB-47FF-BD66-E7BB0F14778B}"
EndProject
Project("{FAE04EC0-301F-11D3-BF4B-00C04F79EFBC}") = "WorkerService1", "WorkerService1\WorkerService1.csproj", "{8F6C1A98-D8E6-4AFA-8999-7F2783B6799D}"
EndProject
Global
	GlobalSection(SolutionConfigurationPlatforms) = preSolution
		Debug|Any CPU = Debug|Any CPU
		Release|Any CPU = Release|Any CPU
	EndGlobalSection
	GlobalSection(ProjectConfigurationPlatforms) = postSolution
		{D65C8C6C-EE7A-4EAE-B8DD-D32651D1D31A}.Debug|Any CPU.ActiveCfg = Debug|Any CPU
		{D65C8C6C-EE7A-4EAE-B8DD-D32651D1D31A}.Debug|Any CPU.Build.0 = Debug|Any CPU
		{D65C8C6C-EE7A-4EAE-B8DD-D32651D1D31A}.Release|Any CPU.ActiveCfg = Release|Any CPU
		{D65C8C6C-EE7A-4EAE-B8DD-D32651D1D31A}.Release|Any CPU.Build.0 = Release|Any CPU
		{7B14C125-D612-494D-9C99-D9C844C6F7E6}.Debug|Any CPU.ActiveCfg = Debug|Any CPU
		{7B14C125-D612-494D-9C99-D9C844C6F7E6}.Debug|Any CPU.Build.0 = Debug|Any CPU
		{7B14C125-D612-494D-9C99-D9C844C6F7E6}.Release|Any CPU.ActiveCfg = Release|Any CPU
		{7B14C125-D612-494D-9C99-D9C844C6F7E6}.Release|Any CPU.Build.0 = Release|Any CPU
		{188EA0AD-433A-45D3-AE6D-D74F331CC825}.Debug|Any CPU.ActiveCfg = Debug|Any CPU
		{188EA0AD-433A-45D3-AE6D-D74F331CC825}.Debug|Any CPU.Build.0 = Debug|Any CPU
		{188EA0AD-433A-45D3-AE6D-D74F331CC825}.Release|Any CPU.ActiveCfg = Release|Any CPU
		{188EA0AD-433A-45D3-AE6D-D74F331CC825}.Release|Any CPU.Build.0 = Release|Any CPU
		{292FC063-B5ED-4788-873F-0A3F14354BD3}.Debug|Any CPU.ActiveCfg = Debug|Any CPU
		{292FC063-B5ED-4788-873F-0A3F14354BD3}.Debug|Any CPU.Build.0 = Debug|Any CPU
		{292FC063-B5ED-4788-873F-0A3F14354BD3}.Release|Any CPU.ActiveCfg = Release|Any CPU
		{292FC063-B5ED-4788-873F-0A3F14354BD3}.Release|Any CPU.Build.0 = Release|Any CPU
		{EE48C291-1710-431F-99BF-C69DEA87FCC4}.Debug|Any CPU.ActiveCfg = Debug|Any CPU
		{EE48C291-1710-431F-99BF-C69DEA87FCC4}.Debug|Any CPU.Build.0 = Debug|Any CPU
		{EE48C291-1710-431F-99BF-C69DEA87FCC4}.Release|Any CPU.ActiveCfg = Release|Any CPU
		{EE48C291-1710-431F-99BF-C69DEA87FCC4}.Release|Any CPU.Build.0 = Release|Any CPU
		{8C1FEE4F-144C-4C12-9FF1-41A88F9FC196}.Debug|Any CPU.ActiveCfg = Debug|Any CPU
		{8C1FEE4F-144C-4C12-9FF1-41A88F9FC196}.Debug|Any CPU.Build.0 = Debug|Any CPU
		{8C1FEE4F-144C-4C12-9FF1-41A88F9FC196}.Release|Any CPU.ActiveCfg = Release|Any CPU
		{8C1FEE4F-144C-4C12-9FF1-41A88F9FC196}.Release|Any CPU.Build.0 = Release|Any CPU
		{8F6C1A98-D8E6-4AFA-8999-7F2783B6799D}.Debug|Any CPU.ActiveCfg = Debug|Any CPU
		{8F6C1A98-D8E6-4AFA-8999-7F2783B6799D}.Debug|Any CPU.Build.0 = Debug|Any CPU
		{8F6C1A98-D8E6-4AFA-8999-7F2783B6799D}.Release|Any CPU.ActiveCfg = Release|Any CPU
		{8F6C1A98-D8E6-4AFA-8999-7F2783B6799D}.Release|Any CPU.Build.0 = Release|Any CPU
	EndGlobalSection
	GlobalSection(SolutionProperties) = preSolution
		HideSolutionNode = FALSE
	EndGlobalSection
	GlobalSection(NestedProjects) = preSolution
		{D21501D3-EE24-4137-A337-BE368E0A7491} = {AF64146E-C173-4A9B-9CD4-4855EAA01924}
		{E66B9910-7228-4C00-A3EF-741A98F8D139} = {AF64146E-C173-4A9B-9CD4-4855EAA01924}
		{FF46B08A-BD28-4EC3-B98E-2D70F295006A} = {AF64146E-C173-4A9B-9CD4-4855EAA01924}
		{5EB79878-62EE-4E0A-9D6E-99A9E37F2300} = {AF64146E-C173-4A9B-9CD4-4855EAA01924}
		{7A215214-B62A-42F3-A44B-B41AC9600C8E} = {AF64146E-C173-4A9B-9CD4-4855EAA01924}
		{C3E0F91C-DD63-48E7-BB3A-8CDB12F10297} = {AF64146E-C173-4A9B-9CD4-4855EAA01924}
		{D65C8C6C-EE7A-4EAE-B8DD-D32651D1D31A} = {5EB79878-62EE-4E0A-9D6E-99A9E37F2300}
		{7B14C125-D612-494D-9C99-D9C844C6F7E6} = {7A215214-B62A-42F3-A44B-B41AC9600C8E}
		{188EA0AD-433A-45D3-AE6D-D74F331CC825} = {E66B9910-7228-4C00-A3EF-741A98F8D139}
		{292FC063-B5ED-4788-873F-0A3F14354BD3} = {FF46B08A-BD28-4EC3-B98E-2D70F295006A}
		{EE48C291-1710-431F-99BF-C69DEA87FCC4} = {D21501D3-EE24-4137-A337-BE368E0A7491}
		{8C1FEE4F-144C-4C12-9FF1-41A88F9FC196} = {C3E0F91C-DD63-48E7-BB3A-8CDB12F10297}
		{AC78DC26-64FD-4C7B-96DA-78A6DD0EE9C7} = {FC4E56D9-C870-41D9-8A32-8DD12AA64941}
		{B7A7FBAA-70AB-47FF-BD66-E7BB0F14778B} = {FC4E56D9-C870-41D9-8A32-8DD12AA64941}
		{8F6C1A98-D8E6-4AFA-8999-7F2783B6799D} = {B7A7FBAA-70AB-47FF-BD66-E7BB0F14778B}
	EndGlobalSection
	GlobalSection(ExtensibilityGlobals) = postSolution
		SolutionGuid = {82915A3C-62AF-4F83-9043-1C8324398BF3}
	EndGlobalSection
EndGlobal
